// !$*UTF8*$!
{
	archiveVersion = 1;
	classes = {
	};
	objectVersion = 55;
	objects = {

/* Begin PBXBuildFile section */
		331C63972847A0330040CE0A /* ChickenTableViewController.swift in Sources */ = {isa = PBXBuildFile; fileRef = 331C63962847A0330040CE0A /* ChickenTableViewController.swift */; };
		331C63992847BAA00040CE0A /* ChickenDetailsViewController.swift in Sources */ = {isa = PBXBuildFile; fileRef = 331C63982847BAA00040CE0A /* ChickenDetailsViewController.swift */; };
		33CE9993284A5F69003C5507 /* ChickenProfileImage.swift in Sources */ = {isa = PBXBuildFile; fileRef = 33CE9992284A5F69003C5507 /* ChickenProfileImage.swift */; };
		33F7422F28464FFE00836904 /* AppDelegate.swift in Sources */ = {isa = PBXBuildFile; fileRef = 33F7422E28464FFE00836904 /* AppDelegate.swift */; };
		33F7423128464FFE00836904 /* SceneDelegate.swift in Sources */ = {isa = PBXBuildFile; fileRef = 33F7423028464FFE00836904 /* SceneDelegate.swift */; };
		33F7423328464FFE00836904 /* ViewController.swift in Sources */ = {isa = PBXBuildFile; fileRef = 33F7423228464FFE00836904 /* ViewController.swift */; };
		33F7423628464FFE00836904 /* Main.storyboard in Resources */ = {isa = PBXBuildFile; fileRef = 33F7423428464FFE00836904 /* Main.storyboard */; };
		33F7423828464FFF00836904 /* Assets.xcassets in Resources */ = {isa = PBXBuildFile; fileRef = 33F7423728464FFF00836904 /* Assets.xcassets */; };
		33F7423B28464FFF00836904 /* LaunchScreen.storyboard in Resources */ = {isa = PBXBuildFile; fileRef = 33F7423928464FFF00836904 /* LaunchScreen.storyboard */; };
		33F7424628464FFF00836904 /* ChickenHouseTests.swift in Sources */ = {isa = PBXBuildFile; fileRef = 33F7424528464FFF00836904 /* ChickenHouseTests.swift */; };
		33F7425028464FFF00836904 /* ChickenHouseUITests.swift in Sources */ = {isa = PBXBuildFile; fileRef = 33F7424F28464FFF00836904 /* ChickenHouseUITests.swift */; };
		33F7425228464FFF00836904 /* ChickenHouseUITestsLaunchTests.swift in Sources */ = {isa = PBXBuildFile; fileRef = 33F7425128464FFF00836904 /* ChickenHouseUITestsLaunchTests.swift */; };
		33F7425F2846641A00836904 /* Chicken.swift in Sources */ = {isa = PBXBuildFile; fileRef = 33F7425E2846641A00836904 /* Chicken.swift */; };
		33F742612846642800836904 /* ChickenHouse.swift in Sources */ = {isa = PBXBuildFile; fileRef = 33F742602846642800836904 /* ChickenHouse.swift */; };
/* End PBXBuildFile section */

/* Begin PBXContainerItemProxy section */
		33F7424228464FFF00836904 /* PBXContainerItemProxy */ = {
			isa = PBXContainerItemProxy;
			containerPortal = 33F7422328464FFE00836904 /* Project object */;
			proxyType = 1;
			remoteGlobalIDString = 33F7422A28464FFE00836904;
			remoteInfo = ChickenHouse;
		};
		33F7424C28464FFF00836904 /* PBXContainerItemProxy */ = {
			isa = PBXContainerItemProxy;
			containerPortal = 33F7422328464FFE00836904 /* Project object */;
			proxyType = 1;
			remoteGlobalIDString = 33F7422A28464FFE00836904;
			remoteInfo = ChickenHouse;
		};
/* End PBXContainerItemProxy section */

/* Begin PBXFileReference section */
		331C63962847A0330040CE0A /* ChickenTableViewController.swift */ = {isa = PBXFileReference; lastKnownFileType = sourcecode.swift; path = ChickenTableViewController.swift; sourceTree = "<group>"; };
		331C63982847BAA00040CE0A /* ChickenDetailsViewController.swift */ = {isa = PBXFileReference; lastKnownFileType = sourcecode.swift; path = ChickenDetailsViewController.swift; sourceTree = "<group>"; };
		33CE9992284A5F69003C5507 /* ChickenProfileImage.swift */ = {isa = PBXFileReference; fileEncoding = 4; lastKnownFileType = sourcecode.swift; name = ChickenProfileImage.swift; path = ../../ChickenHouseSwiftUI/Shared/Views/ChickenProfileImage.swift; sourceTree = "<group>"; };
		33F7422B28464FFE00836904 /* ChickenHouse.app */ = {isa = PBXFileReference; explicitFileType = wrapper.application; includeInIndex = 0; path = ChickenHouse.app; sourceTree = BUILT_PRODUCTS_DIR; };
		33F7422E28464FFE00836904 /* AppDelegate.swift */ = {isa = PBXFileReference; lastKnownFileType = sourcecode.swift; path = AppDelegate.swift; sourceTree = "<group>"; };
		33F7423028464FFE00836904 /* SceneDelegate.swift */ = {isa = PBXFileReference; lastKnownFileType = sourcecode.swift; path = SceneDelegate.swift; sourceTree = "<group>"; };
		33F7423228464FFE00836904 /* ViewController.swift */ = {isa = PBXFileReference; lastKnownFileType = sourcecode.swift; path = ViewController.swift; sourceTree = "<group>"; };
		33F7423528464FFE00836904 /* Base */ = {isa = PBXFileReference; lastKnownFileType = file.storyboard; name = Base; path = Base.lproj/Main.storyboard; sourceTree = "<group>"; };
		33F7423728464FFF00836904 /* Assets.xcassets */ = {isa = PBXFileReference; lastKnownFileType = folder.assetcatalog; path = Assets.xcassets; sourceTree = "<group>"; };
		33F7423A28464FFF00836904 /* Base */ = {isa = PBXFileReference; lastKnownFileType = file.storyboard; name = Base; path = Base.lproj/LaunchScreen.storyboard; sourceTree = "<group>"; };
		33F7423C28464FFF00836904 /* Info.plist */ = {isa = PBXFileReference; lastKnownFileType = text.plist.xml; path = Info.plist; sourceTree = "<group>"; };
		33F7424128464FFF00836904 /* ChickenHouseTests.xctest */ = {isa = PBXFileReference; explicitFileType = wrapper.cfbundle; includeInIndex = 0; path = ChickenHouseTests.xctest; sourceTree = BUILT_PRODUCTS_DIR; };
		33F7424528464FFF00836904 /* ChickenHouseTests.swift */ = {isa = PBXFileReference; lastKnownFileType = sourcecode.swift; path = ChickenHouseTests.swift; sourceTree = "<group>"; };
		33F7424B28464FFF00836904 /* ChickenHouseUITests.xctest */ = {isa = PBXFileReference; explicitFileType = wrapper.cfbundle; includeInIndex = 0; path = ChickenHouseUITests.xctest; sourceTree = BUILT_PRODUCTS_DIR; };
		33F7424F28464FFF00836904 /* ChickenHouseUITests.swift */ = {isa = PBXFileReference; lastKnownFileType = sourcecode.swift; path = ChickenHouseUITests.swift; sourceTree = "<group>"; };
		33F7425128464FFF00836904 /* ChickenHouseUITestsLaunchTests.swift */ = {isa = PBXFileReference; lastKnownFileType = sourcecode.swift; path = ChickenHouseUITestsLaunchTests.swift; sourceTree = "<group>"; };
		33F7425E2846641A00836904 /* Chicken.swift */ = {isa = PBXFileReference; lastKnownFileType = sourcecode.swift; path = Chicken.swift; sourceTree = "<group>"; };
		33F742602846642800836904 /* ChickenHouse.swift */ = {isa = PBXFileReference; lastKnownFileType = sourcecode.swift; path = ChickenHouse.swift; sourceTree = "<group>"; };
/* End PBXFileReference section */

/* Begin PBXFrameworksBuildPhase section */
		33F7422828464FFE00836904 /* Frameworks */ = {
			isa = PBXFrameworksBuildPhase;
			buildActionMask = 2147483647;
			files = (
			);
			runOnlyForDeploymentPostprocessing = 0;
		};
		33F7423E28464FFF00836904 /* Frameworks */ = {
			isa = PBXFrameworksBuildPhase;
			buildActionMask = 2147483647;
			files = (
			);
			runOnlyForDeploymentPostprocessing = 0;
		};
		33F7424828464FFF00836904 /* Frameworks */ = {
			isa = PBXFrameworksBuildPhase;
			buildActionMask = 2147483647;
			files = (
			);
			runOnlyForDeploymentPostprocessing = 0;
		};
/* End PBXFrameworksBuildPhase section */

/* Begin PBXGroup section */
		331C639A284898870040CE0A /* ViewControllers */ = {
			isa = PBXGroup;
			children = (
				33F7423228464FFE00836904 /* ViewController.swift */,
				331C63962847A0330040CE0A /* ChickenTableViewController.swift */,
				331C63982847BAA00040CE0A /* ChickenDetailsViewController.swift */,
			);
			path = ViewControllers;
			sourceTree = "<group>";
		};
		331C639B284898910040CE0A /* Model */ = {
			isa = PBXGroup;
			children = (
				33F7425E2846641A00836904 /* Chicken.swift */,
				33F742602846642800836904 /* ChickenHouse.swift */,
			);
			path = Model;
			sourceTree = "<group>";
		};
		33F7422228464FFE00836904 = {
			isa = PBXGroup;
			children = (
				33F7422D28464FFE00836904 /* ChickenHouse */,
				33F7424428464FFF00836904 /* ChickenHouseTests */,
				33F7424E28464FFF00836904 /* ChickenHouseUITests */,
				33F7422C28464FFE00836904 /* Products */,
			);
			sourceTree = "<group>";
		};
		33F7422C28464FFE00836904 /* Products */ = {
			isa = PBXGroup;
			children = (
				33F7422B28464FFE00836904 /* ChickenHouse.app */,
				33F7424128464FFF00836904 /* ChickenHouseTests.xctest */,
				33F7424B28464FFF00836904 /* ChickenHouseUITests.xctest */,
			);
			name = Products;
			sourceTree = "<group>";
		};
		33F7422D28464FFE00836904 /* ChickenHouse */ = {
			isa = PBXGroup;
			children = (
				33F7422E28464FFE00836904 /* AppDelegate.swift */,
				33F7423028464FFE00836904 /* SceneDelegate.swift */,
				33CE9992284A5F69003C5507 /* ChickenProfileImage.swift */,
				331C639B284898910040CE0A /* Model */,
				331C639A284898870040CE0A /* ViewControllers */,
				33F7423428464FFE00836904 /* Main.storyboard */,
				33F7423728464FFF00836904 /* Assets.xcassets */,
				33F7423928464FFF00836904 /* LaunchScreen.storyboard */,
				33F7423C28464FFF00836904 /* Info.plist */,
			);
			path = ChickenHouse;
			sourceTree = "<group>";
		};
		33F7424428464FFF00836904 /* ChickenHouseTests */ = {
			isa = PBXGroup;
			children = (
				33F7424528464FFF00836904 /* ChickenHouseTests.swift */,
			);
			path = ChickenHouseTests;
			sourceTree = "<group>";
		};
		33F7424E28464FFF00836904 /* ChickenHouseUITests */ = {
			isa = PBXGroup;
			children = (
				33F7424F28464FFF00836904 /* ChickenHouseUITests.swift */,
				33F7425128464FFF00836904 /* ChickenHouseUITestsLaunchTests.swift */,
			);
			path = ChickenHouseUITests;
			sourceTree = "<group>";
		};
/* End PBXGroup section */

/* Begin PBXNativeTarget section */
		33F7422A28464FFE00836904 /* ChickenHouse */ = {
			isa = PBXNativeTarget;
			buildConfigurationList = 33F7425528464FFF00836904 /* Build configuration list for PBXNativeTarget "ChickenHouse" */;
			buildPhases = (
				33F7422728464FFE00836904 /* Sources */,
				33F7422828464FFE00836904 /* Frameworks */,
				33F7422928464FFE00836904 /* Resources */,
			);
			buildRules = (
			);
			dependencies = (
			);
			name = ChickenHouse;
			productName = ChickenHouse;
			productReference = 33F7422B28464FFE00836904 /* ChickenHouse.app */;
			productType = "com.apple.product-type.application";
		};
		33F7424028464FFF00836904 /* ChickenHouseTests */ = {
			isa = PBXNativeTarget;
			buildConfigurationList = 33F7425828464FFF00836904 /* Build configuration list for PBXNativeTarget "ChickenHouseTests" */;
			buildPhases = (
				33F7423D28464FFF00836904 /* Sources */,
				33F7423E28464FFF00836904 /* Frameworks */,
				33F7423F28464FFF00836904 /* Resources */,
			);
			buildRules = (
			);
			dependencies = (
				33F7424328464FFF00836904 /* PBXTargetDependency */,
			);
			name = ChickenHouseTests;
			productName = ChickenHouseTests;
			productReference = 33F7424128464FFF00836904 /* ChickenHouseTests.xctest */;
			productType = "com.apple.product-type.bundle.unit-test";
		};
		33F7424A28464FFF00836904 /* ChickenHouseUITests */ = {
			isa = PBXNativeTarget;
			buildConfigurationList = 33F7425B28464FFF00836904 /* Build configuration list for PBXNativeTarget "ChickenHouseUITests" */;
			buildPhases = (
				33F7424728464FFF00836904 /* Sources */,
				33F7424828464FFF00836904 /* Frameworks */,
				33F7424928464FFF00836904 /* Resources */,
			);
			buildRules = (
			);
			dependencies = (
				33F7424D28464FFF00836904 /* PBXTargetDependency */,
			);
			name = ChickenHouseUITests;
			productName = ChickenHouseUITests;
			productReference = 33F7424B28464FFF00836904 /* ChickenHouseUITests.xctest */;
			productType = "com.apple.product-type.bundle.ui-testing";
		};
/* End PBXNativeTarget section */

/* Begin PBXProject section */
		33F7422328464FFE00836904 /* Project object */ = {
			isa = PBXProject;
			attributes = {
				BuildIndependentTargetsInParallel = 1;
				LastSwiftUpdateCheck = 1320;
				LastUpgradeCheck = 1320;
				TargetAttributes = {
					33F7422A28464FFE00836904 = {
						CreatedOnToolsVersion = 13.2.1;
					};
					33F7424028464FFF00836904 = {
						CreatedOnToolsVersion = 13.2.1;
						TestTargetID = 33F7422A28464FFE00836904;
					};
					33F7424A28464FFF00836904 = {
						CreatedOnToolsVersion = 13.2.1;
						TestTargetID = 33F7422A28464FFE00836904;
					};
				};
			};
			buildConfigurationList = 33F7422628464FFE00836904 /* Build configuration list for PBXProject "ChickenHouse" */;
			compatibilityVersion = "Xcode 13.0";
			developmentRegion = en;
			hasScannedForEncodings = 0;
			knownRegions = (
				en,
				Base,
			);
			mainGroup = 33F7422228464FFE00836904;
			productRefGroup = 33F7422C28464FFE00836904 /* Products */;
			projectDirPath = "";
			projectRoot = "";
			targets = (
				33F7422A28464FFE00836904 /* ChickenHouse */,
				33F7424028464FFF00836904 /* ChickenHouseTests */,
				33F7424A28464FFF00836904 /* ChickenHouseUITests */,
			);
		};
/* End PBXProject section */

/* Begin PBXResourcesBuildPhase section */
		33F7422928464FFE00836904 /* Resources */ = {
			isa = PBXResourcesBuildPhase;
			buildActionMask = 2147483647;
			files = (
				33F7423B28464FFF00836904 /* LaunchScreen.storyboard in Resources */,
				33F7423828464FFF00836904 /* Assets.xcassets in Resources */,
				33F7423628464FFE00836904 /* Main.storyboard in Resources */,
			);
			runOnlyForDeploymentPostprocessing = 0;
		};
		33F7423F28464FFF00836904 /* Resources */ = {
			isa = PBXResourcesBuildPhase;
			buildActionMask = 2147483647;
			files = (
			);
			runOnlyForDeploymentPostprocessing = 0;
		};
		33F7424928464FFF00836904 /* Resources */ = {
			isa = PBXResourcesBuildPhase;
			buildActionMask = 2147483647;
			files = (
			);
			runOnlyForDeploymentPostprocessing = 0;
		};
/* End PBXResourcesBuildPhase section */

/* Begin PBXSourcesBuildPhase section */
		33F7422728464FFE00836904 /* Sources */ = {
			isa = PBXSourcesBuildPhase;
			buildActionMask = 2147483647;
			files = (
				33F7423328464FFE00836904 /* ViewController.swift in Sources */,
				33F7425F2846641A00836904 /* Chicken.swift in Sources */,
				33F742612846642800836904 /* ChickenHouse.swift in Sources */,
				33F7422F28464FFE00836904 /* AppDelegate.swift in Sources */,
				331C63972847A0330040CE0A /* ChickenTableViewController.swift in Sources */,
				33CE9993284A5F69003C5507 /* ChickenProfileImage.swift in Sources */,
				331C63992847BAA00040CE0A /* ChickenDetailsViewController.swift in Sources */,
				33F7423128464FFE00836904 /* SceneDelegate.swift in Sources */,
			);
			runOnlyForDeploymentPostprocessing = 0;
		};
		33F7423D28464FFF00836904 /* Sources */ = {
			isa = PBXSourcesBuildPhase;
			buildActionMask = 2147483647;
			files = (
				33F7424628464FFF00836904 /* ChickenHouseTests.swift in Sources */,
			);
			runOnlyForDeploymentPostprocessing = 0;
		};
		33F7424728464FFF00836904 /* Sources */ = {
			isa = PBXSourcesBuildPhase;
			buildActionMask = 2147483647;
			files = (
				33F7425028464FFF00836904 /* ChickenHouseUITests.swift in Sources */,
				33F7425228464FFF00836904 /* ChickenHouseUITestsLaunchTests.swift in Sources */,
			);
			runOnlyForDeploymentPostprocessing = 0;
		};
/* End PBXSourcesBuildPhase section */

/* Begin PBXTargetDependency section */
		33F7424328464FFF00836904 /* PBXTargetDependency */ = {
			isa = PBXTargetDependency;
			target = 33F7422A28464FFE00836904 /* ChickenHouse */;
			targetProxy = 33F7424228464FFF00836904 /* PBXContainerItemProxy */;
		};
		33F7424D28464FFF00836904 /* PBXTargetDependency */ = {
			isa = PBXTargetDependency;
			target = 33F7422A28464FFE00836904 /* ChickenHouse */;
			targetProxy = 33F7424C28464FFF00836904 /* PBXContainerItemProxy */;
		};
/* End PBXTargetDependency section */

/* Begin PBXVariantGroup section */
		33F7423428464FFE00836904 /* Main.storyboard */ = {
			isa = PBXVariantGroup;
			children = (
				33F7423528464FFE00836904 /* Base */,
			);
			name = Main.storyboard;
			sourceTree = "<group>";
		};
		33F7423928464FFF00836904 /* LaunchScreen.storyboard */ = {
			isa = PBXVariantGroup;
			children = (
				33F7423A28464FFF00836904 /* Base */,
			);
			name = LaunchScreen.storyboard;
			sourceTree = "<group>";
		};
/* End PBXVariantGroup section */

/* Begin XCBuildConfiguration section */
		33F7425328464FFF00836904 /* Debug */ = {
			isa = XCBuildConfiguration;
			buildSettings = {
				ALWAYS_SEARCH_USER_PATHS = NO;
				CLANG_ANALYZER_NONNULL = YES;
				CLANG_ANALYZER_NUMBER_OBJECT_CONVERSION = YES_AGGRESSIVE;
				CLANG_CXX_LANGUAGE_STANDARD = "gnu++17";
				CLANG_CXX_LIBRARY = "libc++";
				CLANG_ENABLE_MODULES = YES;
				CLANG_ENABLE_OBJC_ARC = YES;
				CLANG_ENABLE_OBJC_WEAK = YES;
				CLANG_WARN_BLOCK_CAPTURE_AUTORELEASING = YES;
				CLANG_WARN_BOOL_CONVERSION = YES;
				CLANG_WARN_COMMA = YES;
				CLANG_WARN_CONSTANT_CONVERSION = YES;
				CLANG_WARN_DEPRECATED_OBJC_IMPLEMENTATIONS = YES;
				CLANG_WARN_DIRECT_OBJC_ISA_USAGE = YES_ERROR;
				CLANG_WARN_DOCUMENTATION_COMMENTS = YES;
				CLANG_WARN_EMPTY_BODY = YES;
				CLANG_WARN_ENUM_CONVERSION = YES;
				CLANG_WARN_INFINITE_RECURSION = YES;
				CLANG_WARN_INT_CONVERSION = YES;
				CLANG_WARN_NON_LITERAL_NULL_CONVERSION = YES;
				CLANG_WARN_OBJC_IMPLICIT_RETAIN_SELF = YES;
				CLANG_WARN_OBJC_LITERAL_CONVERSION = YES;
				CLANG_WARN_OBJC_ROOT_CLASS = YES_ERROR;
				CLANG_WARN_QUOTED_INCLUDE_IN_FRAMEWORK_HEADER = YES;
				CLANG_WARN_RANGE_LOOP_ANALYSIS = YES;
				CLANG_WARN_STRICT_PROTOTYPES = YES;
				CLANG_WARN_SUSPICIOUS_MOVE = YES;
				CLANG_WARN_UNGUARDED_AVAILABILITY = YES_AGGRESSIVE;
				CLANG_WARN_UNREACHABLE_CODE = YES;
				CLANG_WARN__DUPLICATE_METHOD_MATCH = YES;
				COPY_PHASE_STRIP = NO;
				DEBUG_INFORMATION_FORMAT = dwarf;
				ENABLE_STRICT_OBJC_MSGSEND = YES;
				ENABLE_TESTABILITY = YES;
				GCC_C_LANGUAGE_STANDARD = gnu11;
				GCC_DYNAMIC_NO_PIC = NO;
				GCC_NO_COMMON_BLOCKS = YES;
				GCC_OPTIMIZATION_LEVEL = 0;
				GCC_PREPROCESSOR_DEFINITIONS = (
					"DEBUG=1",
					"$(inherited)",
				);
				GCC_WARN_64_TO_32_BIT_CONVERSION = YES;
				GCC_WARN_ABOUT_RETURN_TYPE = YES_ERROR;
				GCC_WARN_UNDECLARED_SELECTOR = YES;
				GCC_WARN_UNINITIALIZED_AUTOS = YES_AGGRESSIVE;
				GCC_WARN_UNUSED_FUNCTION = YES;
				GCC_WARN_UNUSED_VARIABLE = YES;
				IPHONEOS_DEPLOYMENT_TARGET = 15.2;
				MTL_ENABLE_DEBUG_INFO = INCLUDE_SOURCE;
				MTL_FAST_MATH = YES;
				ONLY_ACTIVE_ARCH = YES;
				SDKROOT = iphoneos;
				SWIFT_ACTIVE_COMPILATION_CONDITIONS = DEBUG;
				SWIFT_OPTIMIZATION_LEVEL = "-Onone";
			};
			name = Debug;
		};
		33F7425428464FFF00836904 /* Release */ = {
			isa = XCBuildConfiguration;
			buildSettings = {
				ALWAYS_SEARCH_USER_PATHS = NO;
				CLANG_ANALYZER_NONNULL = YES;
				CLANG_ANALYZER_NUMBER_OBJECT_CONVERSION = YES_AGGRESSIVE;
				CLANG_CXX_LANGUAGE_STANDARD = "gnu++17";
				CLANG_CXX_LIBRARY = "libc++";
				CLANG_ENABLE_MODULES = YES;
				CLANG_ENABLE_OBJC_ARC = YES;
				CLANG_ENABLE_OBJC_WEAK = YES;
				CLANG_WARN_BLOCK_CAPTURE_AUTORELEASING = YES;
				CLANG_WARN_BOOL_CONVERSION = YES;
				CLANG_WARN_COMMA = YES;
				CLANG_WARN_CONSTANT_CONVERSION = YES;
				CLANG_WARN_DEPRECATED_OBJC_IMPLEMENTATIONS = YES;
				CLANG_WARN_DIRECT_OBJC_ISA_USAGE = YES_ERROR;
				CLANG_WARN_DOCUMENTATION_COMMENTS = YES;
				CLANG_WARN_EMPTY_BODY = YES;
				CLANG_WARN_ENUM_CONVERSION = YES;
				CLANG_WARN_INFINITE_RECURSION = YES;
				CLANG_WARN_INT_CONVERSION = YES;
				CLANG_WARN_NON_LITERAL_NULL_CONVERSION = YES;
				CLANG_WARN_OBJC_IMPLICIT_RETAIN_SELF = YES;
				CLANG_WARN_OBJC_LITERAL_CONVERSION = YES;
				CLANG_WARN_OBJC_ROOT_CLASS = YES_ERROR;
				CLANG_WARN_QUOTED_INCLUDE_IN_FRAMEWORK_HEADER = YES;
				CLANG_WARN_RANGE_LOOP_ANALYSIS = YES;
				CLANG_WARN_STRICT_PROTOTYPES = YES;
				CLANG_WARN_SUSPICIOUS_MOVE = YES;
				CLANG_WARN_UNGUARDED_AVAILABILITY = YES_AGGRESSIVE;
				CLANG_WARN_UNREACHABLE_CODE = YES;
				CLANG_WARN__DUPLICATE_METHOD_MATCH = YES;
				COPY_PHASE_STRIP = NO;
				DEBUG_INFORMATION_FORMAT = "dwarf-with-dsym";
				ENABLE_NS_ASSERTIONS = NO;
				ENABLE_STRICT_OBJC_MSGSEND = YES;
				GCC_C_LANGUAGE_STANDARD = gnu11;
				GCC_NO_COMMON_BLOCKS = YES;
				GCC_WARN_64_TO_32_BIT_CONVERSION = YES;
				GCC_WARN_ABOUT_RETURN_TYPE = YES_ERROR;
				GCC_WARN_UNDECLARED_SELECTOR = YES;
				GCC_WARN_UNINITIALIZED_AUTOS = YES_AGGRESSIVE;
				GCC_WARN_UNUSED_FUNCTION = YES;
				GCC_WARN_UNUSED_VARIABLE = YES;
				IPHONEOS_DEPLOYMENT_TARGET = 15.2;
				MTL_ENABLE_DEBUG_INFO = NO;
				MTL_FAST_MATH = YES;
				SDKROOT = iphoneos;
				SWIFT_COMPILATION_MODE = wholemodule;
				SWIFT_OPTIMIZATION_LEVEL = "-O";
				VALIDATE_PRODUCT = YES;
			};
			name = Release;
		};
		33F7425628464FFF00836904 /* Debug */ = {
			isa = XCBuildConfiguration;
			buildSettings = {
				ASSETCATALOG_COMPILER_APPICON_NAME = AppIcon;
				ASSETCATALOG_COMPILER_GLOBAL_ACCENT_COLOR_NAME = AccentColor;
				CODE_SIGN_STYLE = Automatic;
				CURRENT_PROJECT_VERSION = 1;
				DEVELOPMENT_TEAM = 2M8GC3TDRW;
				GENERATE_INFOPLIST_FILE = YES;
				INFOPLIST_FILE = ChickenHouse/Info.plist;
				INFOPLIST_KEY_UIApplicationSupportsIndirectInputEvents = YES;
				INFOPLIST_KEY_UILaunchStoryboardName = LaunchScreen;
				INFOPLIST_KEY_UIMainStoryboardFile = Main;
				INFOPLIST_KEY_UISupportedInterfaceOrientations_iPad = "UIInterfaceOrientationPortrait UIInterfaceOrientationPortraitUpsideDown UIInterfaceOrientationLandscapeLeft UIInterfaceOrientationLandscapeRight";
				INFOPLIST_KEY_UISupportedInterfaceOrientations_iPhone = "UIInterfaceOrientationPortrait UIInterfaceOrientationLandscapeLeft UIInterfaceOrientationLandscapeRight";
				IPHONEOS_DEPLOYMENT_TARGET = 15.2;
				LD_RUNPATH_SEARCH_PATHS = (
					"$(inherited)",
					"@executable_path/Frameworks",
				);
				MARKETING_VERSION = 1.0;
				PRODUCT_BUNDLE_IDENTIFIER = fr.humancoders.swift.ChickenHouse;
				PRODUCT_NAME = "$(TARGET_NAME)";
				SWIFT_EMIT_LOC_STRINGS = YES;
				SWIFT_VERSION = 5.0;
				TARGETED_DEVICE_FAMILY = "1,2";
			};
			name = Debug;
		};
		33F7425728464FFF00836904 /* Release */ = {
			isa = XCBuildConfiguration;
			buildSettings = {
				ASSETCATALOG_COMPILER_APPICON_NAME = AppIcon;
				ASSETCATALOG_COMPILER_GLOBAL_ACCENT_COLOR_NAME = AccentColor;
				CODE_SIGN_STYLE = Automatic;
				CURRENT_PROJECT_VERSION = 1;
				DEVELOPMENT_TEAM = 2M8GC3TDRW;
				GENERATE_INFOPLIST_FILE = YES;
				INFOPLIST_FILE = ChickenHouse/Info.plist;
				INFOPLIST_KEY_UIApplicationSupportsIndirectInputEvents = YES;
				INFOPLIST_KEY_UILaunchStoryboardName = LaunchScreen;
				INFOPLIST_KEY_UIMainStoryboardFile = Main;
				INFOPLIST_KEY_UISupportedInterfaceOrientations_iPad = "UIInterfaceOrientationPortrait UIInterfaceOrientationPortraitUpsideDown UIInterfaceOrientationLandscapeLeft UIInterfaceOrientationLandscapeRight";
				INFOPLIST_KEY_UISupportedInterfaceOrientations_iPhone = "UIInterfaceOrientationPortrait UIInterfaceOrientationLandscapeLeft UIInterfaceOrientationLandscapeRight";
				IPHONEOS_DEPLOYMENT_TARGET = 15.2;
				LD_RUNPATH_SEARCH_PATHS = (
					"$(inherited)",
					"@executable_path/Frameworks",
				);
				MARKETING_VERSION = 1.0;
				PRODUCT_BUNDLE_IDENTIFIER = fr.humancoders.swift.ChickenHouse;
				PRODUCT_NAME = "$(TARGET_NAME)";
				SWIFT_EMIT_LOC_STRINGS = YES;
				SWIFT_VERSION = 5.0;
				TARGETED_DEVICE_FAMILY = "1,2";
			};
			name = Release;
		};
		33F7425928464FFF00836904 /* Debug */ = {
			isa = XCBuildConfiguration;
			buildSettings = {
				ALWAYS_EMBED_SWIFT_STANDARD_LIBRARIES = YES;
				BUNDLE_LOADER = "$(TEST_HOST)";
				CODE_SIGN_STYLE = Automatic;
				CURRENT_PROJECT_VERSION = 1;
				DEVELOPMENT_TEAM = 2M8GC3TDRW;
				GENERATE_INFOPLIST_FILE = YES;
				IPHONEOS_DEPLOYMENT_TARGET = 15.2;
				MARKETING_VERSION = 1.0;
				PRODUCT_BUNDLE_IDENTIFIER = fr.humancoders.swift.ChickenHouseTests;
				PRODUCT_NAME = "$(TARGET_NAME)";
				SWIFT_EMIT_LOC_STRINGS = NO;
				SWIFT_VERSION = 5.0;
				TARGETED_DEVICE_FAMILY = "1,2";
				TEST_HOST = "$(BUILT_PRODUCTS_DIR)/ChickenHouse.app/ChickenHouse";
			};
			name = Debug;
		};
		33F7425A28464FFF00836904 /* Release */ = {
			isa = XCBuildConfiguration;
			buildSettings = {
				ALWAYS_EMBED_SWIFT_STANDARD_LIBRARIES = YES;
				BUNDLE_LOADER = "$(TEST_HOST)";
				CODE_SIGN_STYLE = Automatic;
				CURRENT_PROJECT_VERSION = 1;
				DEVELOPMENT_TEAM = 2M8GC3TDRW;
				GENERATE_INFOPLIST_FILE = YES;
				IPHONEOS_DEPLOYMENT_TARGET = 15.2;
				MARKETING_VERSION = 1.0;
				PRODUCT_BUNDLE_IDENTIFIER = fr.humancoders.swift.ChickenHouseTests;
				PRODUCT_NAME = "$(TARGET_NAME)";
				SWIFT_EMIT_LOC_STRINGS = NO;
				SWIFT_VERSION = 5.0;
				TARGETED_DEVICE_FAMILY = "1,2";
				TEST_HOST = "$(BUILT_PRODUCTS_DIR)/ChickenHouse.app/ChickenHouse";
			};
			name = Release;
		};
		33F7425C28464FFF00836904 /* Debug */ = {
			isa = XCBuildConfiguration;
			buildSettings = {
				ALWAYS_EMBED_SWIFT_STANDARD_LIBRARIES = YES;
				CODE_SIGN_STYLE = Automatic;
				CURRENT_PROJECT_VERSION = 1;
				DEVELOPMENT_TEAM = 2M8GC3TDRW;
				GENERATE_INFOPLIST_FILE = YES;
				MARKETING_VERSION = 1.0;
				PRODUCT_BUNDLE_IDENTIFIER = fr.humancoders.swift.ChickenHouseUITests;
				PRODUCT_NAME = "$(TARGET_NAME)";
				SWIFT_EMIT_LOC_STRINGS = NO;
				SWIFT_VERSION = 5.0;
				TARGETED_DEVICE_FAMILY = "1,2";
				TEST_TARGET_NAME = ChickenHouse;
			};
			name = Debug;
		};
		33F7425D28464FFF00836904 /* Release */ = {
			isa = XCBuildConfiguration;
			buildSettings = {
				ALWAYS_EMBED_SWIFT_STANDARD_LIBRARIES = YES;
				CODE_SIGN_STYLE = Automatic;
				CURRENT_PROJECT_VERSION = 1;
				DEVELOPMENT_TEAM = 2M8GC3TDRW;
				GENERATE_INFOPLIST_FILE = YES;
				MARKETING_VERSION = 1.0;
				PRODUCT_BUNDLE_IDENTIFIER = fr.humancoders.swift.ChickenHouseUITests;
				PRODUCT_NAME = "$(TARGET_NAME)";
				SWIFT_EMIT_LOC_STRINGS = NO;
				SWIFT_VERSION = 5.0;
				TARGETED_DEVICE_FAMILY = "1,2";
				TEST_TARGET_NAME = ChickenHouse;
			};
			name = Release;
		};
/* End XCBuildConfiguration section */

/* Begin XCConfigurationList section */
		33F7422628464FFE00836904 /* Build configuration list for PBXProject "ChickenHouse" */ = {
			isa = XCConfigurationList;
			buildConfigurations = (
				33F7425328464FFF00836904 /* Debug */,
				33F7425428464FFF00836904 /* Release */,
			);
			defaultConfigurationIsVisible = 0;
			defaultConfigurationName = Release;
		};
		33F7425528464FFF00836904 /* Build configuration list for PBXNativeTarget "ChickenHouse" */ = {
			isa = XCConfigurationList;
			buildConfigurations = (
				33F7425628464FFF00836904 /* Debug */,
				33F7425728464FFF00836904 /* Release */,
			);
			defaultConfigurationIsVisible = 0;
			defaultConfigurationName = Release;
		};
		33F7425828464FFF00836904 /* Build configuration list for PBXNativeTarget "ChickenHouseTests" */ = {
			isa = XCConfigurationList;
			buildConfigurations = (
				33F7425928464FFF00836904 /* Debug */,
				33F7425A28464FFF00836904 /* Release */,
			);
			defaultConfigurationIsVisible = 0;
			defaultConfigurationName = Release;
		};
		33F7425B28464FFF00836904 /* Build configuration list for PBXNativeTarget "ChickenHouseUITests" */ = {
			isa = XCConfigurationList;
			buildConfigurations = (
				33F7425C28464FFF00836904 /* Debug */,
				33F7425D28464FFF00836904 /* Release */,
			);
			defaultConfigurationIsVisible = 0;
			defaultConfigurationName = Release;
		};
/* End XCConfigurationList section */
	};
	rootObject = 33F7422328464FFE00836904 /* Project object */;
}
